
Microsoft Visual Studio Solution File, Format Version 12.00
# Visual Studio 15
VisualStudioVersion = 15.0.28307.421
MinimumVisualStudioVersion = 10.0.40219.1
Project("{FAE04EC0-301F-11D3-BF4B-00C04F79EFBC}") = "EcoSerial", "EcoSerial\EcoSerial.csproj", "{CB381A7B-6EB7-4135-88DC-C60FAD578B2A}"
EndProject
Project("{FAE04EC0-301F-11D3-BF4B-00C04F79EFBC}") = "EcoS.BLL", "EcoS.BLL\EcoS.BLL.csproj", "{4816FC2A-79D0-43C5-8E47-A4529EA19E39}"
EndProject
Project("{FAE04EC0-301F-11D3-BF4B-00C04F79EFBC}") = "EcoS.DAL", "EcoS.DAL\EcoS.DAL.csproj", "{A6E21019-2D6D-446F-B5F8-9EA9438422F0}"
EndProject
Global
	GlobalSection(SolutionConfigurationPlatforms) = preSolution
		Debug|Any CPU = Debug|Any CPU
		Release|Any CPU = Release|Any CPU
	EndGlobalSection
	GlobalSection(ProjectConfigurationPlatforms) = postSolution
		{CB381A7B-6EB7-4135-88DC-C60FAD578B2A}.Debug|Any CPU.ActiveCfg = Debug|Any CPU
		{CB381A7B-6EB7-4135-88DC-C60FAD578B2A}.Debug|Any CPU.Build.0 = Debug|Any CPU
		{CB381A7B-6EB7-4135-88DC-C60FAD578B2A}.Release|Any CPU.ActiveCfg = Release|Any CPU
		{CB381A7B-6EB7-4135-88DC-C60FAD578B2A}.Release|Any CPU.Build.0 = Release|Any CPU
		{4816FC2A-79D0-43C5-8E47-A4529EA19E39}.Debug|Any CPU.ActiveCfg = Debug|Any CPU
		{4816FC2A-79D0-43C5-8E47-A4529EA19E39}.Debug|Any CPU.Build.0 = Debug|Any CPU
		{4816FC2A-79D0-43C5-8E47-A4529EA19E39}.Release|Any CPU.ActiveCfg = Release|Any CPU
		{4816FC2A-79D0-43C5-8E47-A4529EA19E39}.Release|Any CPU.Build.0 = Release|Any CPU
		{A6E21019-2D6D-446F-B5F8-9EA9438422F0}.Debug|Any CPU.ActiveCfg = Debug|Any CPU
		{A6E21019-2D6D-446F-B5F8-9EA9438422F0}.Debug|Any CPU.Build.0 = Debug|Any CPU
		{A6E21019-2D6D-446F-B5F8-9EA9438422F0}.Release|Any CPU.ActiveCfg = Release|Any CPU
		{A6E21019-2D6D-446F-B5F8-9EA9438422F0}.Release|Any CPU.Build.0 = Release|Any CPU
	EndGlobalSection
	GlobalSection(SolutionProperties) = preSolution
		HideSolutionNode = FALSE
	EndGlobalSection
	GlobalSection(ExtensibilityGlobals) = postSolution
		SolutionGuid = {F812095D-D8A8-4019-B1CA-F161623A3E29}
	EndGlobalSection
EndGlobal
